
Microsoft Visual Studio Solution File, Format Version 12.00
# Visual Studio 15
VisualStudioVersion = 15.0.28307.329
MinimumVisualStudioVersion = 10.0.40219.1
Project("{FAE04EC0-301F-11D3-BF4B-00C04F79EFBC}") = "App1.iOS", "App1\App1.iOS\App1.iOS.csproj", "{697FE9E2-7DE6-40AD-97B4-79FD004921EA}"
EndProject
Project("{FAE04EC0-301F-11D3-BF4B-00C04F79EFBC}") = "App1", "App1\App1\App1.csproj", "{256A745A-5AF8-4AB2-BC14-3789A0D8F3B6}"
EndProject
Project("{FAE04EC0-301F-11D3-BF4B-00C04F79EFBC}") = "App1.WatchOS.WatchOSApp", "App1.WatchOS\App1.WatchOS.WatchOSApp\App1.WatchOS.WatchOSApp.csproj", "{A0E9284B-B8EE-4A26-A98D-33C26D29CAAD}"
EndProject
Project("{FAE04EC0-301F-11D3-BF4B-00C04F79EFBC}") = "App1.WatchOS.WatchOSExtension", "App1.WatchOS\App1.WatchOS.WatchOSExtension\App1.WatchOS.WatchOSExtension.csproj", "{651BBA40-27EF-4218-B520-819459E6830C}"
EndProject
Global
	GlobalSection(SolutionConfigurationPlatforms) = preSolution
		Ad-Hoc|Any CPU = Ad-Hoc|Any CPU
		Ad-Hoc|iPhone = Ad-Hoc|iPhone
		Ad-Hoc|iPhoneSimulator = Ad-Hoc|iPhoneSimulator
		AppStore|Any CPU = AppStore|Any CPU
		AppStore|iPhone = AppStore|iPhone
		AppStore|iPhoneSimulator = AppStore|iPhoneSimulator
		Debug|Any CPU = Debug|Any CPU
		Debug|iPhone = Debug|iPhone
		Debug|iPhoneSimulator = Debug|iPhoneSimulator
		Release|Any CPU = Release|Any CPU
		Release|iPhone = Release|iPhone
		Release|iPhoneSimulator = Release|iPhoneSimulator
	EndGlobalSection
	GlobalSection(ProjectConfigurationPlatforms) = postSolution
		{697FE9E2-7DE6-40AD-97B4-79FD004921EA}.Ad-Hoc|Any CPU.ActiveCfg = Ad-Hoc|iPhone
		{697FE9E2-7DE6-40AD-97B4-79FD004921EA}.Ad-Hoc|iPhone.ActiveCfg = Ad-Hoc|iPhone
		{697FE9E2-7DE6-40AD-97B4-79FD004921EA}.Ad-Hoc|iPhone.Build.0 = Ad-Hoc|iPhone
		{697FE9E2-7DE6-40AD-97B4-79FD004921EA}.Ad-Hoc|iPhoneSimulator.ActiveCfg = Ad-Hoc|iPhoneSimulator
		{697FE9E2-7DE6-40AD-97B4-79FD004921EA}.Ad-Hoc|iPhoneSimulator.Build.0 = Ad-Hoc|iPhoneSimulator
		{697FE9E2-7DE6-40AD-97B4-79FD004921EA}.AppStore|Any CPU.ActiveCfg = AppStore|iPhone
		{697FE9E2-7DE6-40AD-97B4-79FD004921EA}.AppStore|iPhone.ActiveCfg = AppStore|iPhone
		{697FE9E2-7DE6-40AD-97B4-79FD004921EA}.AppStore|iPhone.Build.0 = AppStore|iPhone
		{697FE9E2-7DE6-40AD-97B4-79FD004921EA}.AppStore|iPhoneSimulator.ActiveCfg = AppStore|iPhoneSimulator
		{697FE9E2-7DE6-40AD-97B4-79FD004921EA}.AppStore|iPhoneSimulator.Build.0 = AppStore|iPhoneSimulator
		{697FE9E2-7DE6-40AD-97B4-79FD004921EA}.Debug|Any CPU.ActiveCfg = Debug|iPhone
		{697FE9E2-7DE6-40AD-97B4-79FD004921EA}.Debug|iPhone.ActiveCfg = Debug|iPhone
		{697FE9E2-7DE6-40AD-97B4-79FD004921EA}.Debug|iPhone.Build.0 = Debug|iPhone
		{697FE9E2-7DE6-40AD-97B4-79FD004921EA}.Debug|iPhoneSimulator.ActiveCfg = Debug|iPhoneSimulator
		{697FE9E2-7DE6-40AD-97B4-79FD004921EA}.Debug|iPhoneSimulator.Build.0 = Debug|iPhoneSimulator
		{697FE9E2-7DE6-40AD-97B4-79FD004921EA}.Release|Any CPU.ActiveCfg = Release|iPhone
		{697FE9E2-7DE6-40AD-97B4-79FD004921EA}.Release|iPhone.ActiveCfg = Release|iPhone
		{697FE9E2-7DE6-40AD-97B4-79FD004921EA}.Release|iPhone.Build.0 = Release|iPhone
		{697FE9E2-7DE6-40AD-97B4-79FD004921EA}.Release|iPhoneSimulator.ActiveCfg = Release|iPhoneSimulator
		{697FE9E2-7DE6-40AD-97B4-79FD004921EA}.Release|iPhoneSimulator.Build.0 = Release|iPhoneSimulator
		{256A745A-5AF8-4AB2-BC14-3789A0D8F3B6}.Ad-Hoc|Any CPU.ActiveCfg = Debug|Any CPU
		{256A745A-5AF8-4AB2-BC14-3789A0D8F3B6}.Ad-Hoc|Any CPU.Build.0 = Debug|Any CPU
		{256A745A-5AF8-4AB2-BC14-3789A0D8F3B6}.Ad-Hoc|iPhone.ActiveCfg = Debug|Any CPU
		{256A745A-5AF8-4AB2-BC14-3789A0D8F3B6}.Ad-Hoc|iPhone.Build.0 = Debug|Any CPU
		{256A745A-5AF8-4AB2-BC14-3789A0D8F3B6}.Ad-Hoc|iPhoneSimulator.ActiveCfg = Debug|Any CPU
		{256A745A-5AF8-4AB2-BC14-3789A0D8F3B6}.Ad-Hoc|iPhoneSimulator.Build.0 = Debug|Any CPU
		{256A745A-5AF8-4AB2-BC14-3789A0D8F3B6}.AppStore|Any CPU.ActiveCfg = Debug|Any CPU
		{256A745A-5AF8-4AB2-BC14-3789A0D8F3B6}.AppStore|Any CPU.Build.0 = Debug|Any CPU
		{256A745A-5AF8-4AB2-BC14-3789A0D8F3B6}.AppStore|iPhone.ActiveCfg = Debug|Any CPU
		{256A745A-5AF8-4AB2-BC14-3789A0D8F3B6}.AppStore|iPhone.Build.0 = Debug|Any CPU
		{256A745A-5AF8-4AB2-BC14-3789A0D8F3B6}.AppStore|iPhoneSimulator.ActiveCfg = Debug|Any CPU
		{256A745A-5AF8-4AB2-BC14-3789A0D8F3B6}.AppStore|iPhoneSimulator.Build.0 = Debug|Any CPU
		{256A745A-5AF8-4AB2-BC14-3789A0D8F3B6}.Debug|Any CPU.ActiveCfg = Debug|Any CPU
		{256A745A-5AF8-4AB2-BC14-3789A0D8F3B6}.Debug|Any CPU.Build.0 = Debug|Any CPU
		{256A745A-5AF8-4AB2-BC14-3789A0D8F3B6}.Debug|iPhone.ActiveCfg = Debug|Any CPU
		{256A745A-5AF8-4AB2-BC14-3789A0D8F3B6}.Debug|iPhone.Build.0 = Debug|Any CPU
		{256A745A-5AF8-4AB2-BC14-3789A0D8F3B6}.Debug|iPhoneSimulator.ActiveCfg = Debug|Any CPU
		{256A745A-5AF8-4AB2-BC14-3789A0D8F3B6}.Debug|iPhoneSimulator.Build.0 = Debug|Any CPU
		{256A745A-5AF8-4AB2-BC14-3789A0D8F3B6}.Release|Any CPU.ActiveCfg = Release|Any CPU
		{256A745A-5AF8-4AB2-BC14-3789A0D8F3B6}.Release|Any CPU.Build.0 = Release|Any CPU
		{256A745A-5AF8-4AB2-BC14-3789A0D8F3B6}.Release|iPhone.ActiveCfg = Release|Any CPU
		{256A745A-5AF8-4AB2-BC14-3789A0D8F3B6}.Release|iPhone.Build.0 = Release|Any CPU
		{256A745A-5AF8-4AB2-BC14-3789A0D8F3B6}.Release|iPhoneSimulator.ActiveCfg = Release|Any CPU
		{256A745A-5AF8-4AB2-BC14-3789A0D8F3B6}.Release|iPhoneSimulator.Build.0 = Release|Any CPU
		{A0E9284B-B8EE-4A26-A98D-33C26D29CAAD}.Ad-Hoc|Any CPU.ActiveCfg = Release|iPhone
		{A0E9284B-B8EE-4A26-A98D-33C26D29CAAD}.Ad-Hoc|Any CPU.Build.0 = Release|iPhone
		{A0E9284B-B8EE-4A26-A98D-33C26D29CAAD}.Ad-Hoc|iPhone.ActiveCfg = Release|iPhone
		{A0E9284B-B8EE-4A26-A98D-33C26D29CAAD}.Ad-Hoc|iPhone.Build.0 = Release|iPhone
		{A0E9284B-B8EE-4A26-A98D-33C26D29CAAD}.Ad-Hoc|iPhoneSimulator.ActiveCfg = Release|iPhoneSimulator
		{A0E9284B-B8EE-4A26-A98D-33C26D29CAAD}.Ad-Hoc|iPhoneSimulator.Build.0 = Release|iPhoneSimulator
		{A0E9284B-B8EE-4A26-A98D-33C26D29CAAD}.AppStore|Any CPU.ActiveCfg = Release|iPhone
		{A0E9284B-B8EE-4A26-A98D-33C26D29CAAD}.AppStore|Any CPU.Build.0 = Release|iPhone
		{A0E9284B-B8EE-4A26-A98D-33C26D29CAAD}.AppStore|iPhone.ActiveCfg = Release|iPhone
		{A0E9284B-B8EE-4A26-A98D-33C26D29CAAD}.AppStore|iPhone.Build.0 = Release|iPhone
		{A0E9284B-B8EE-4A26-A98D-33C26D29CAAD}.AppStore|iPhoneSimulator.ActiveCfg = Release|iPhoneSimulator
		{A0E9284B-B8EE-4A26-A98D-33C26D29CAAD}.AppStore|iPhoneSimulator.Build.0 = Release|iPhoneSimulator
		{A0E9284B-B8EE-4A26-A98D-33C26D29CAAD}.Debug|Any CPU.ActiveCfg = Debug|iPhone
		{A0E9284B-B8EE-4A26-A98D-33C26D29CAAD}.Debug|iPhone.ActiveCfg = Debug|iPhone
		{A0E9284B-B8EE-4A26-A98D-33C26D29CAAD}.Debug|iPhone.Build.0 = Debug|iPhone
		{A0E9284B-B8EE-4A26-A98D-33C26D29CAAD}.Debug|iPhoneSimulator.ActiveCfg = Debug|iPhoneSimulator
		{A0E9284B-B8EE-4A26-A98D-33C26D29CAAD}.Debug|iPhoneSimulator.Build.0 = Debug|iPhoneSimulator
		{A0E9284B-B8EE-4A26-A98D-33C26D29CAAD}.Release|Any CPU.ActiveCfg = Release|iPhone
		{A0E9284B-B8EE-4A26-A98D-33C26D29CAAD}.Release|iPhone.ActiveCfg = Release|iPhone
		{A0E9284B-B8EE-4A26-A98D-33C26D29CAAD}.Release|iPhone.Build.0 = Release|iPhone
		{A0E9284B-B8EE-4A26-A98D-33C26D29CAAD}.Release|iPhoneSimulator.ActiveCfg = Release|iPhoneSimulator
		{A0E9284B-B8EE-4A26-A98D-33C26D29CAAD}.Release|iPhoneSimulator.Build.0 = Release|iPhoneSimulator
		{651BBA40-27EF-4218-B520-819459E6830C}.Ad-Hoc|Any CPU.ActiveCfg = Release|iPhone
		{651BBA40-27EF-4218-B520-819459E6830C}.Ad-Hoc|Any CPU.Build.0 = Release|iPhone
		{651BBA40-27EF-4218-B520-819459E6830C}.Ad-Hoc|iPhone.ActiveCfg = Release|iPhone
		{651BBA40-27EF-4218-B520-819459E6830C}.Ad-Hoc|iPhone.Build.0 = Release|iPhone
		{651BBA40-27EF-4218-B520-819459E6830C}.Ad-Hoc|iPhoneSimulator.ActiveCfg = Release|iPhoneSimulator
		{651BBA40-27EF-4218-B520-819459E6830C}.Ad-Hoc|iPhoneSimulator.Build.0 = Release|iPhoneSimulator
		{651BBA40-27EF-4218-B520-819459E6830C}.AppStore|Any CPU.ActiveCfg = Release|iPhone
		{651BBA40-27EF-4218-B520-819459E6830C}.AppStore|Any CPU.Build.0 = Release|iPhone
		{651BBA40-27EF-4218-B520-819459E6830C}.AppStore|iPhone.ActiveCfg = Release|iPhone
		{651BBA40-27EF-4218-B520-819459E6830C}.AppStore|iPhone.Build.0 = Release|iPhone
		{651BBA40-27EF-4218-B520-819459E6830C}.AppStore|iPhoneSimulator.ActiveCfg = Release|iPhoneSimulator
		{651BBA40-27EF-4218-B520-819459E6830C}.AppStore|iPhoneSimulator.Build.0 = Release|iPhoneSimulator
		{651BBA40-27EF-4218-B520-819459E6830C}.Debug|Any CPU.ActiveCfg = Debug|iPhone
		{651BBA40-27EF-4218-B520-819459E6830C}.Debug|iPhone.ActiveCfg = Debug|iPhone
		{651BBA40-27EF-4218-B520-819459E6830C}.Debug|iPhone.Build.0 = Debug|iPhone
		{651BBA40-27EF-4218-B520-819459E6830C}.Debug|iPhoneSimulator.ActiveCfg = Debug|iPhoneSimulator
		{651BBA40-27EF-4218-B520-819459E6830C}.Debug|iPhoneSimulator.Build.0 = Debug|iPhoneSimulator
		{651BBA40-27EF-4218-B520-819459E6830C}.Release|Any CPU.ActiveCfg = Release|iPhone
		{651BBA40-27EF-4218-B520-819459E6830C}.Release|iPhone.ActiveCfg = Release|iPhone
		{651BBA40-27EF-4218-B520-819459E6830C}.Release|iPhone.Build.0 = Release|iPhone
		{651BBA40-27EF-4218-B520-819459E6830C}.Release|iPhoneSimulator.ActiveCfg = Release|iPhoneSimulator
		{651BBA40-27EF-4218-B520-819459E6830C}.Release|iPhoneSimulator.Build.0 = Release|iPhoneSimulator
	EndGlobalSection
	GlobalSection(SolutionProperties) = preSolution
		HideSolutionNode = FALSE
	EndGlobalSection
	GlobalSection(ExtensibilityGlobals) = postSolution
		SolutionGuid = {48A1D9AB-8AAB-4212-B008-8C1A8AAB5F53}
	EndGlobalSection
EndGlobal
